
Microsoft Visual Studio Solution File, Format Version 12.00
# Visual Studio 14
VisualStudioVersion = 14.0.24720.0
MinimumVisualStudioVersion = 10.0.40219.1
Project("{FAE04EC0-301F-11D3-BF4B-00C04F79EFBC}") = "SequencerDemo", "SequencerDemo\SequencerDemo.csproj", "{90480CE5-E392-4713-AB5C-7D659ACA0B85}"
EndProject
Project("{FAE04EC0-301F-11D3-BF4B-00C04F79EFBC}") = "MidiWatcher", "MidiWatcher\MidiWatcher.csproj", "{752C27BA-E092-455F-9B3F-1221E13FAE40}"
EndProject
Project("{FAE04EC0-301F-11D3-BF4B-00C04F79EFBC}") = "Sanford.Multimedia.Midi", "Sanford.Multimedia.Midi\Sanford.Multimedia.Midi.csproj", "{4269C72A-8D3A-4737-8F89-72EAA33EA9E1}"
EndProject
Project("{FAE04EC0-301F-11D3-BF4B-00C04F79EFBC}") = "WindowsFormsApplication1", "WindowsFormsApplication1\WindowsFormsApplication1.csproj", "{9A4E2B98-91A8-494C-BE3A-0CA741C1B0CA}"
EndProject
Project("{FAE04EC0-301F-11D3-BF4B-00C04F79EFBC}") = "MusicScoreWeb", "MusicScoreWeb\MusicScoreWeb.csproj", "{6F0E0B05-1E3B-403B-A784-2AA14730F65F}"
EndProject
Project("{FAE04EC0-301F-11D3-BF4B-00C04F79EFBC}") = "MusicScoreWeb.Tests", "MusicScoreWeb.Tests\MusicScoreWeb.Tests.csproj", "{3433A918-CBB9-4D8D-B7E1-1D8CDFE6694C}"
EndProject
Project("{2150E333-8FDC-42A3-9474-1A3956D46DE8}") = "core", "core", "{B6D9B79B-0247-42B9-8801-E17BDC29CCC3}"
EndProject
Project("{FAE04EC0-301F-11D3-BF4B-00C04F79EFBC}") = "Mongo.DAL", "Mongo.DAL\Mongo.DAL.csproj", "{2DB9ED94-132D-4F27-BFF1-451A149C93AE}"
EndProject
Project("{FAE04EC0-301F-11D3-BF4B-00C04F79EFBC}") = "Mongo.Entity", "Mongo.Entity\Mongo.Entity.csproj", "{3CDA2266-70D4-453C-8ADD-350CE0F72518}"
EndProject
Project("{FAE04EC0-301F-11D3-BF4B-00C04F79EFBC}") = "Mongo.Business", "Mongo.Business\Mongo.Business.csproj", "{FAE8EEF6-4324-4BF5-8824-9E295BFE1710}"
EndProject
Global
	GlobalSection(SolutionConfigurationPlatforms) = preSolution
		Debug|Any CPU = Debug|Any CPU
		Debug|ARM = Debug|ARM
		Debug|x64 = Debug|x64
		Debug|x86 = Debug|x86
		Release|Any CPU = Release|Any CPU
		Release|ARM = Release|ARM
		Release|x64 = Release|x64
		Release|x86 = Release|x86
	EndGlobalSection
	GlobalSection(ProjectConfigurationPlatforms) = postSolution
		{90480CE5-E392-4713-AB5C-7D659ACA0B85}.Debug|Any CPU.ActiveCfg = Debug|Any CPU
		{90480CE5-E392-4713-AB5C-7D659ACA0B85}.Debug|Any CPU.Build.0 = Debug|Any CPU
		{90480CE5-E392-4713-AB5C-7D659ACA0B85}.Debug|ARM.ActiveCfg = Debug|Any CPU
		{90480CE5-E392-4713-AB5C-7D659ACA0B85}.Debug|ARM.Build.0 = Debug|Any CPU
		{90480CE5-E392-4713-AB5C-7D659ACA0B85}.Debug|x64.ActiveCfg = Debug|Any CPU
		{90480CE5-E392-4713-AB5C-7D659ACA0B85}.Debug|x64.Build.0 = Debug|Any CPU
		{90480CE5-E392-4713-AB5C-7D659ACA0B85}.Debug|x86.ActiveCfg = Debug|Any CPU
		{90480CE5-E392-4713-AB5C-7D659ACA0B85}.Debug|x86.Build.0 = Debug|Any CPU
		{90480CE5-E392-4713-AB5C-7D659ACA0B85}.Release|Any CPU.ActiveCfg = Release|Any CPU
		{90480CE5-E392-4713-AB5C-7D659ACA0B85}.Release|Any CPU.Build.0 = Release|Any CPU
		{90480CE5-E392-4713-AB5C-7D659ACA0B85}.Release|ARM.ActiveCfg = Release|Any CPU
		{90480CE5-E392-4713-AB5C-7D659ACA0B85}.Release|ARM.Build.0 = Release|Any CPU
		{90480CE5-E392-4713-AB5C-7D659ACA0B85}.Release|x64.ActiveCfg = Release|Any CPU
		{90480CE5-E392-4713-AB5C-7D659ACA0B85}.Release|x64.Build.0 = Release|Any CPU
		{90480CE5-E392-4713-AB5C-7D659ACA0B85}.Release|x86.ActiveCfg = Release|Any CPU
		{90480CE5-E392-4713-AB5C-7D659ACA0B85}.Release|x86.Build.0 = Release|Any CPU
		{752C27BA-E092-455F-9B3F-1221E13FAE40}.Debug|Any CPU.ActiveCfg = Debug|Any CPU
		{752C27BA-E092-455F-9B3F-1221E13FAE40}.Debug|Any CPU.Build.0 = Debug|Any CPU
		{752C27BA-E092-455F-9B3F-1221E13FAE40}.Debug|ARM.ActiveCfg = Debug|Any CPU
		{752C27BA-E092-455F-9B3F-1221E13FAE40}.Debug|ARM.Build.0 = Debug|Any CPU
		{752C27BA-E092-455F-9B3F-1221E13FAE40}.Debug|x64.ActiveCfg = Debug|Any CPU
		{752C27BA-E092-455F-9B3F-1221E13FAE40}.Debug|x64.Build.0 = Debug|Any CPU
		{752C27BA-E092-455F-9B3F-1221E13FAE40}.Debug|x86.ActiveCfg = Debug|Any CPU
		{752C27BA-E092-455F-9B3F-1221E13FAE40}.Debug|x86.Build.0 = Debug|Any CPU
		{752C27BA-E092-455F-9B3F-1221E13FAE40}.Release|Any CPU.ActiveCfg = Release|Any CPU
		{752C27BA-E092-455F-9B3F-1221E13FAE40}.Release|Any CPU.Build.0 = Release|Any CPU
		{752C27BA-E092-455F-9B3F-1221E13FAE40}.Release|ARM.ActiveCfg = Release|Any CPU
		{752C27BA-E092-455F-9B3F-1221E13FAE40}.Release|ARM.Build.0 = Release|Any CPU
		{752C27BA-E092-455F-9B3F-1221E13FAE40}.Release|x64.ActiveCfg = Release|Any CPU
		{752C27BA-E092-455F-9B3F-1221E13FAE40}.Release|x64.Build.0 = Release|Any CPU
		{752C27BA-E092-455F-9B3F-1221E13FAE40}.Release|x86.ActiveCfg = Release|Any CPU
		{752C27BA-E092-455F-9B3F-1221E13FAE40}.Release|x86.Build.0 = Release|Any CPU
		{4269C72A-8D3A-4737-8F89-72EAA33EA9E1}.Debug|Any CPU.ActiveCfg = Debug|Any CPU
		{4269C72A-8D3A-4737-8F89-72EAA33EA9E1}.Debug|Any CPU.Build.0 = Debug|Any CPU
		{4269C72A-8D3A-4737-8F89-72EAA33EA9E1}.Debug|ARM.ActiveCfg = Debug|Any CPU
		{4269C72A-8D3A-4737-8F89-72EAA33EA9E1}.Debug|ARM.Build.0 = Debug|Any CPU
		{4269C72A-8D3A-4737-8F89-72EAA33EA9E1}.Debug|x64.ActiveCfg = Debug|Any CPU
		{4269C72A-8D3A-4737-8F89-72EAA33EA9E1}.Debug|x64.Build.0 = Debug|Any CPU
		{4269C72A-8D3A-4737-8F89-72EAA33EA9E1}.Debug|x86.ActiveCfg = Debug|Any CPU
		{4269C72A-8D3A-4737-8F89-72EAA33EA9E1}.Debug|x86.Build.0 = Debug|Any CPU
		{4269C72A-8D3A-4737-8F89-72EAA33EA9E1}.Release|Any CPU.ActiveCfg = Release|Any CPU
		{4269C72A-8D3A-4737-8F89-72EAA33EA9E1}.Release|Any CPU.Build.0 = Release|Any CPU
		{4269C72A-8D3A-4737-8F89-72EAA33EA9E1}.Release|ARM.ActiveCfg = Release|Any CPU
		{4269C72A-8D3A-4737-8F89-72EAA33EA9E1}.Release|ARM.Build.0 = Release|Any CPU
		{4269C72A-8D3A-4737-8F89-72EAA33EA9E1}.Release|x64.ActiveCfg = Release|Any CPU
		{4269C72A-8D3A-4737-8F89-72EAA33EA9E1}.Release|x64.Build.0 = Release|Any CPU
		{4269C72A-8D3A-4737-8F89-72EAA33EA9E1}.Release|x86.ActiveCfg = Release|Any CPU
		{4269C72A-8D3A-4737-8F89-72EAA33EA9E1}.Release|x86.Build.0 = Release|Any CPU
		{9A4E2B98-91A8-494C-BE3A-0CA741C1B0CA}.Debug|Any CPU.ActiveCfg = Debug|Any CPU
		{9A4E2B98-91A8-494C-BE3A-0CA741C1B0CA}.Debug|Any CPU.Build.0 = Debug|Any CPU
		{9A4E2B98-91A8-494C-BE3A-0CA741C1B0CA}.Debug|ARM.ActiveCfg = Debug|Any CPU
		{9A4E2B98-91A8-494C-BE3A-0CA741C1B0CA}.Debug|ARM.Build.0 = Debug|Any CPU
		{9A4E2B98-91A8-494C-BE3A-0CA741C1B0CA}.Debug|x64.ActiveCfg = Debug|Any CPU
		{9A4E2B98-91A8-494C-BE3A-0CA741C1B0CA}.Debug|x64.Build.0 = Debug|Any CPU
		{9A4E2B98-91A8-494C-BE3A-0CA741C1B0CA}.Debug|x86.ActiveCfg = Debug|Any CPU
		{9A4E2B98-91A8-494C-BE3A-0CA741C1B0CA}.Debug|x86.Build.0 = Debug|Any CPU
		{9A4E2B98-91A8-494C-BE3A-0CA741C1B0CA}.Release|Any CPU.ActiveCfg = Release|Any CPU
		{9A4E2B98-91A8-494C-BE3A-0CA741C1B0CA}.Release|Any CPU.Build.0 = Release|Any CPU
		{9A4E2B98-91A8-494C-BE3A-0CA741C1B0CA}.Release|ARM.ActiveCfg = Release|Any CPU
		{9A4E2B98-91A8-494C-BE3A-0CA741C1B0CA}.Release|ARM.Build.0 = Release|Any CPU
		{9A4E2B98-91A8-494C-BE3A-0CA741C1B0CA}.Release|x64.ActiveCfg = Release|Any CPU
		{9A4E2B98-91A8-494C-BE3A-0CA741C1B0CA}.Release|x64.Build.0 = Release|Any CPU
		{9A4E2B98-91A8-494C-BE3A-0CA741C1B0CA}.Release|x86.ActiveCfg = Release|Any CPU
		{9A4E2B98-91A8-494C-BE3A-0CA741C1B0CA}.Release|x86.Build.0 = Release|Any CPU
		{6F0E0B05-1E3B-403B-A784-2AA14730F65F}.Debug|Any CPU.ActiveCfg = Debug|Any CPU
		{6F0E0B05-1E3B-403B-A784-2AA14730F65F}.Debug|Any CPU.Build.0 = Debug|Any CPU
		{6F0E0B05-1E3B-403B-A784-2AA14730F65F}.Debug|ARM.ActiveCfg = Debug|Any CPU
		{6F0E0B05-1E3B-403B-A784-2AA14730F65F}.Debug|ARM.Build.0 = Debug|Any CPU
		{6F0E0B05-1E3B-403B-A784-2AA14730F65F}.Debug|x64.ActiveCfg = Debug|Any CPU
		{6F0E0B05-1E3B-403B-A784-2AA14730F65F}.Debug|x64.Build.0 = Debug|Any CPU
		{6F0E0B05-1E3B-403B-A784-2AA14730F65F}.Debug|x86.ActiveCfg = Debug|Any CPU
		{6F0E0B05-1E3B-403B-A784-2AA14730F65F}.Debug|x86.Build.0 = Debug|Any CPU
		{6F0E0B05-1E3B-403B-A784-2AA14730F65F}.Release|Any CPU.ActiveCfg = Release|Any CPU
		{6F0E0B05-1E3B-403B-A784-2AA14730F65F}.Release|Any CPU.Build.0 = Release|Any CPU
		{6F0E0B05-1E3B-403B-A784-2AA14730F65F}.Release|ARM.ActiveCfg = Release|Any CPU
		{6F0E0B05-1E3B-403B-A784-2AA14730F65F}.Release|ARM.Build.0 = Release|Any CPU
		{6F0E0B05-1E3B-403B-A784-2AA14730F65F}.Release|x64.ActiveCfg = Release|Any CPU
		{6F0E0B05-1E3B-403B-A784-2AA14730F65F}.Release|x64.Build.0 = Release|Any CPU
		{6F0E0B05-1E3B-403B-A784-2AA14730F65F}.Release|x86.ActiveCfg = Release|Any CPU
		{6F0E0B05-1E3B-403B-A784-2AA14730F65F}.Release|x86.Build.0 = Release|Any CPU
		{3433A918-CBB9-4D8D-B7E1-1D8CDFE6694C}.Debug|Any CPU.ActiveCfg = Debug|Any CPU
		{3433A918-CBB9-4D8D-B7E1-1D8CDFE6694C}.Debug|Any CPU.Build.0 = Debug|Any CPU
		{3433A918-CBB9-4D8D-B7E1-1D8CDFE6694C}.Debug|ARM.ActiveCfg = Debug|Any CPU
		{3433A918-CBB9-4D8D-B7E1-1D8CDFE6694C}.Debug|ARM.Build.0 = Debug|Any CPU
		{3433A918-CBB9-4D8D-B7E1-1D8CDFE6694C}.Debug|x64.ActiveCfg = Debug|Any CPU
		{3433A918-CBB9-4D8D-B7E1-1D8CDFE6694C}.Debug|x64.Build.0 = Debug|Any CPU
		{3433A918-CBB9-4D8D-B7E1-1D8CDFE6694C}.Debug|x86.ActiveCfg = Debug|Any CPU
		{3433A918-CBB9-4D8D-B7E1-1D8CDFE6694C}.Debug|x86.Build.0 = Debug|Any CPU
		{3433A918-CBB9-4D8D-B7E1-1D8CDFE6694C}.Release|Any CPU.ActiveCfg = Release|Any CPU
		{3433A918-CBB9-4D8D-B7E1-1D8CDFE6694C}.Release|Any CPU.Build.0 = Release|Any CPU
		{3433A918-CBB9-4D8D-B7E1-1D8CDFE6694C}.Release|ARM.ActiveCfg = Release|Any CPU
		{3433A918-CBB9-4D8D-B7E1-1D8CDFE6694C}.Release|ARM.Build.0 = Release|Any CPU
		{3433A918-CBB9-4D8D-B7E1-1D8CDFE6694C}.Release|x64.ActiveCfg = Release|Any CPU
		{3433A918-CBB9-4D8D-B7E1-1D8CDFE6694C}.Release|x64.Build.0 = Release|Any CPU
		{3433A918-CBB9-4D8D-B7E1-1D8CDFE6694C}.Release|x86.ActiveCfg = Release|Any CPU
		{3433A918-CBB9-4D8D-B7E1-1D8CDFE6694C}.Release|x86.Build.0 = Release|Any CPU
		{2DB9ED94-132D-4F27-BFF1-451A149C93AE}.Debug|Any CPU.ActiveCfg = Debug|Any CPU
		{2DB9ED94-132D-4F27-BFF1-451A149C93AE}.Debug|Any CPU.Build.0 = Debug|Any CPU
		{2DB9ED94-132D-4F27-BFF1-451A149C93AE}.Debug|ARM.ActiveCfg = Debug|Any CPU
		{2DB9ED94-132D-4F27-BFF1-451A149C93AE}.Debug|ARM.Build.0 = Debug|Any CPU
		{2DB9ED94-132D-4F27-BFF1-451A149C93AE}.Debug|x64.ActiveCfg = Debug|Any CPU
		{2DB9ED94-132D-4F27-BFF1-451A149C93AE}.Debug|x64.Build.0 = Debug|Any CPU
		{2DB9ED94-132D-4F27-BFF1-451A149C93AE}.Debug|x86.ActiveCfg = Debug|Any CPU
		{2DB9ED94-132D-4F27-BFF1-451A149C93AE}.Debug|x86.Build.0 = Debug|Any CPU
		{2DB9ED94-132D-4F27-BFF1-451A149C93AE}.Release|Any CPU.ActiveCfg = Release|Any CPU
		{2DB9ED94-132D-4F27-BFF1-451A149C93AE}.Release|Any CPU.Build.0 = Release|Any CPU
		{2DB9ED94-132D-4F27-BFF1-451A149C93AE}.Release|ARM.ActiveCfg = Release|Any CPU
		{2DB9ED94-132D-4F27-BFF1-451A149C93AE}.Release|ARM.Build.0 = Release|Any CPU
		{2DB9ED94-132D-4F27-BFF1-451A149C93AE}.Release|x64.ActiveCfg = Release|Any CPU
		{2DB9ED94-132D-4F27-BFF1-451A149C93AE}.Release|x64.Build.0 = Release|Any CPU
		{2DB9ED94-132D-4F27-BFF1-451A149C93AE}.Release|x86.ActiveCfg = Release|Any CPU
		{2DB9ED94-132D-4F27-BFF1-451A149C93AE}.Release|x86.Build.0 = Release|Any CPU
		{3CDA2266-70D4-453C-8ADD-350CE0F72518}.Debug|Any CPU.ActiveCfg = Debug|Any CPU
		{3CDA2266-70D4-453C-8ADD-350CE0F72518}.Debug|Any CPU.Build.0 = Debug|Any CPU
		{3CDA2266-70D4-453C-8ADD-350CE0F72518}.Debug|ARM.ActiveCfg = Debug|Any CPU
		{3CDA2266-70D4-453C-8ADD-350CE0F72518}.Debug|ARM.Build.0 = Debug|Any CPU
		{3CDA2266-70D4-453C-8ADD-350CE0F72518}.Debug|x64.ActiveCfg = Debug|Any CPU
		{3CDA2266-70D4-453C-8ADD-350CE0F72518}.Debug|x64.Build.0 = Debug|Any CPU
		{3CDA2266-70D4-453C-8ADD-350CE0F72518}.Debug|x86.ActiveCfg = Debug|Any CPU
		{3CDA2266-70D4-453C-8ADD-350CE0F72518}.Debug|x86.Build.0 = Debug|Any CPU
		{3CDA2266-70D4-453C-8ADD-350CE0F72518}.Release|Any CPU.ActiveCfg = Release|Any CPU
		{3CDA2266-70D4-453C-8ADD-350CE0F72518}.Release|Any CPU.Build.0 = Release|Any CPU
		{3CDA2266-70D4-453C-8ADD-350CE0F72518}.Release|ARM.ActiveCfg = Release|Any CPU
		{3CDA2266-70D4-453C-8ADD-350CE0F72518}.Release|ARM.Build.0 = Release|Any CPU
		{3CDA2266-70D4-453C-8ADD-350CE0F72518}.Release|x64.ActiveCfg = Release|Any CPU
		{3CDA2266-70D4-453C-8ADD-350CE0F72518}.Release|x64.Build.0 = Release|Any CPU
		{3CDA2266-70D4-453C-8ADD-350CE0F72518}.Release|x86.ActiveCfg = Release|Any CPU
		{3CDA2266-70D4-453C-8ADD-350CE0F72518}.Release|x86.Build.0 = Release|Any CPU
		{FAE8EEF6-4324-4BF5-8824-9E295BFE1710}.Debug|Any CPU.ActiveCfg = Debug|Any CPU
		{FAE8EEF6-4324-4BF5-8824-9E295BFE1710}.Debug|Any CPU.Build.0 = Debug|Any CPU
		{FAE8EEF6-4324-4BF5-8824-9E295BFE1710}.Debug|ARM.ActiveCfg = Debug|Any CPU
		{FAE8EEF6-4324-4BF5-8824-9E295BFE1710}.Debug|ARM.Build.0 = Debug|Any CPU
		{FAE8EEF6-4324-4BF5-8824-9E295BFE1710}.Debug|x64.ActiveCfg = Debug|Any CPU
		{FAE8EEF6-4324-4BF5-8824-9E295BFE1710}.Debug|x64.Build.0 = Debug|Any CPU
		{FAE8EEF6-4324-4BF5-8824-9E295BFE1710}.Debug|x86.ActiveCfg = Debug|Any CPU
		{FAE8EEF6-4324-4BF5-8824-9E295BFE1710}.Debug|x86.Build.0 = Debug|Any CPU
		{FAE8EEF6-4324-4BF5-8824-9E295BFE1710}.Release|Any CPU.ActiveCfg = Release|Any CPU
		{FAE8EEF6-4324-4BF5-8824-9E295BFE1710}.Release|Any CPU.Build.0 = Release|Any CPU
		{FAE8EEF6-4324-4BF5-8824-9E295BFE1710}.Release|ARM.ActiveCfg = Release|Any CPU
		{FAE8EEF6-4324-4BF5-8824-9E295BFE1710}.Release|ARM.Build.0 = Release|Any CPU
		{FAE8EEF6-4324-4BF5-8824-9E295BFE1710}.Release|x64.ActiveCfg = Release|Any CPU
		{FAE8EEF6-4324-4BF5-8824-9E295BFE1710}.Release|x64.Build.0 = Release|Any CPU
		{FAE8EEF6-4324-4BF5-8824-9E295BFE1710}.Release|x86.ActiveCfg = Release|Any CPU
		{FAE8EEF6-4324-4BF5-8824-9E295BFE1710}.Release|x86.Build.0 = Release|Any CPU
	EndGlobalSection
	GlobalSection(SolutionProperties) = preSolution
		HideSolutionNode = FALSE
	EndGlobalSection
	GlobalSection(NestedProjects) = preSolution
		{2DB9ED94-132D-4F27-BFF1-451A149C93AE} = {B6D9B79B-0247-42B9-8801-E17BDC29CCC3}
		{3CDA2266-70D4-453C-8ADD-350CE0F72518} = {B6D9B79B-0247-42B9-8801-E17BDC29CCC3}
		{FAE8EEF6-4324-4BF5-8824-9E295BFE1710} = {B6D9B79B-0247-42B9-8801-E17BDC29CCC3}
	EndGlobalSection
EndGlobal
